// !$*UTF8*$!
{
	archiveVersion = 1;
	classes = {
	};
	objectVersion = 46;
	objects = {

/* Begin PBXBuildFile section */
		C997B0501D3F10EE00B3A043 /* main.m in Sources */ = {isa = PBXBuildFile; fileRef = C997B04F1D3F10EE00B3A043 /* main.m */; };
		C997B0531D3F10EE00B3A043 /* AppDelegate.m in Sources */ = {isa = PBXBuildFile; fileRef = C997B0521D3F10EE00B3A043 /* AppDelegate.m */; };
		C997B0561D3F10EE00B3A043 /* ViewController.m in Sources */ = {isa = PBXBuildFile; fileRef = C997B0551D3F10EE00B3A043 /* ViewController.m */; };
		C997B0591D3F10EE00B3A043 /* Main.storyboard in Resources */ = {isa = PBXBuildFile; fileRef = C997B0571D3F10EE00B3A043 /* Main.storyboard */; };
		C997B05B1D3F10EE00B3A043 /* Assets.xcassets in Resources */ = {isa = PBXBuildFile; fileRef = C997B05A1D3F10EE00B3A043 /* Assets.xcassets */; };
		C997B05E1D3F10EE00B3A043 /* LaunchScreen.storyboard in Resources */ = {isa = PBXBuildFile; fileRef = C997B05C1D3F10EE00B3A043 /* LaunchScreen.storyboard */; };
		C997B0691D3F10EE00B3A043 /* LWFrameWorkTestTests.m in Sources */ = {isa = PBXBuildFile; fileRef = C997B0681D3F10EE00B3A043 /* LWFrameWorkTestTests.m */; };
		C997B0741D3F10EE00B3A043 /* LWFrameWorkTestUITests.m in Sources */ = {isa = PBXBuildFile; fileRef = C997B0731D3F10EE00B3A043 /* LWFrameWorkTestUITests.m */; };
/* End PBXBuildFile section */

/* Begin PBXContainerItemProxy section */
		C997B0651D3F10EE00B3A043 /* PBXContainerItemProxy */ = {
			isa = PBXContainerItemProxy;
			containerPortal = C997B0431D3F10EE00B3A043 /* Project object */;
			proxyType = 1;
			remoteGlobalIDString = C997B04A1D3F10EE00B3A043;
			remoteInfo = LWFrameWorkTest;
		};
		C997B0701D3F10EE00B3A043 /* PBXContainerItemProxy */ = {
			isa = PBXContainerItemProxy;
			containerPortal = C997B0431D3F10EE00B3A043 /* Project object */;
			proxyType = 1;
			remoteGlobalIDString = C997B04A1D3F10EE00B3A043;
			remoteInfo = LWFrameWorkTest;
		};
/* End PBXContainerItemProxy section */

/* Begin PBXFileReference section */
		C997B04B1D3F10EE00B3A043 /* LWFrameWorkTest.app */ = {isa = PBXFileReference; explicitFileType = wrapper.application; includeInIndex = 0; path = LWFrameWorkTest.app; sourceTree = BUILT_PRODUCTS_DIR; };
		C997B04F1D3F10EE00B3A043 /* main.m */ = {isa = PBXFileReference; lastKnownFileType = sourcecode.c.objc; path = main.m; sourceTree = "<group>"; };
		C997B0511D3F10EE00B3A043 /* AppDelegate.h */ = {isa = PBXFileReference; lastKnownFileType = sourcecode.c.h; path = AppDelegate.h; sourceTree = "<group>"; };
		C997B0521D3F10EE00B3A043 /* AppDelegate.m */ = {isa = PBXFileReference; lastKnownFileType = sourcecode.c.objc; path = AppDelegate.m; sourceTree = "<group>"; };
		C997B0541D3F10EE00B3A043 /* ViewController.h */ = {isa = PBXFileReference; lastKnownFileType = sourcecode.c.h; path = ViewController.h; sourceTree = "<group>"; };
		C997B0551D3F10EE00B3A043 /* ViewController.m */ = {isa = PBXFileReference; lastKnownFileType = sourcecode.c.objc; path = ViewController.m; sourceTree = "<group>"; };
		C997B0581D3F10EE00B3A043 /* Base */ = {isa = PBXFileReference; lastKnownFileType = file.storyboard; name = Base; path = Base.lproj/Main.storyboard; sourceTree = "<group>"; };
		C997B05A1D3F10EE00B3A043 /* Assets.xcassets */ = {isa = PBXFileReference; lastKnownFileType = folder.assetcatalog; path = Assets.xcassets; sourceTree = "<group>"; };
		C997B05D1D3F10EE00B3A043 /* Base */ = {isa = PBXFileReference; lastKnownFileType = file.storyboard; name = Base; path = Base.lproj/LaunchScreen.storyboard; sourceTree = "<group>"; };
		C997B05F1D3F10EE00B3A043 /* Info.plist */ = {isa = PBXFileReference; lastKnownFileType = text.plist.xml; path = Info.plist; sourceTree = "<group>"; };
		C997B0641D3F10EE00B3A043 /* LWFrameWorkTestTests.xctest */ = {isa = PBXFileReference; explicitFileType = wrapper.cfbundle; includeInIndex = 0; path = LWFrameWorkTestTests.xctest; sourceTree = BUILT_PRODUCTS_DIR; };
		C997B0681D3F10EE00B3A043 /* LWFrameWorkTestTests.m */ = {isa = PBXFileReference; lastKnownFileType = sourcecode.c.objc; path = LWFrameWorkTestTests.m; sourceTree = "<group>"; };
		C997B06A1D3F10EE00B3A043 /* Info.plist */ = {isa = PBXFileReference; lastKnownFileType = text.plist.xml; path = Info.plist; sourceTree = "<group>"; };
		C997B06F1D3F10EE00B3A043 /* LWFrameWorkTestUITests.xctest */ = {isa = PBXFileReference; explicitFileType = wrapper.cfbundle; includeInIndex = 0; path = LWFrameWorkTestUITests.xctest; sourceTree = BUILT_PRODUCTS_DIR; };
		C997B0731D3F10EE00B3A043 /* LWFrameWorkTestUITests.m */ = {isa = PBXFileReference; lastKnownFileType = sourcecode.c.objc; path = LWFrameWorkTestUITests.m; sourceTree = "<group>"; };
		C997B0751D3F10EE00B3A043 /* Info.plist */ = {isa = PBXFileReference; lastKnownFileType = text.plist.xml; path = Info.plist; sourceTree = "<group>"; };
/* End PBXFileReference section */

/* Begin PBXFrameworksBuildPhase section */
		C997B0481D3F10EE00B3A043 /* Frameworks */ = {
			isa = PBXFrameworksBuildPhase;
			buildActionMask = 2147483647;
			files = (
			);
			runOnlyForDeploymentPostprocessing = 0;
		};
		C997B0611D3F10EE00B3A043 /* Frameworks */ = {
			isa = PBXFrameworksBuildPhase;
			buildActionMask = 2147483647;
			files = (
			);
			runOnlyForDeploymentPostprocessing = 0;
		};
		C997B06C1D3F10EE00B3A043 /* Frameworks */ = {
			isa = PBXFrameworksBuildPhase;
			buildActionMask = 2147483647;
			files = (
			);
			runOnlyForDeploymentPostprocessing = 0;
		};
/* End PBXFrameworksBuildPhase section */

/* Begin PBXGroup section */
		C997B0421D3F10EE00B3A043 = {
			isa = PBXGroup;
			children = (
				C997B04D1D3F10EE00B3A043 /* LWFrameWorkTest */,
				C997B0671D3F10EE00B3A043 /* LWFrameWorkTestTests */,
				C997B0721D3F10EE00B3A043 /* LWFrameWorkTestUITests */,
				C997B04C1D3F10EE00B3A043 /* Products */,
			);
			sourceTree = "<group>";
		};
		C997B04C1D3F10EE00B3A043 /* Products */ = {
			isa = PBXGroup;
			children = (
				C997B04B1D3F10EE00B3A043 /* LWFrameWorkTest.app */,
				C997B0641D3F10EE00B3A043 /* LWFrameWorkTestTests.xctest */,
				C997B06F1D3F10EE00B3A043 /* LWFrameWorkTestUITests.xctest */,
			);
			name = Products;
			sourceTree = "<group>";
		};
		C997B04D1D3F10EE00B3A043 /* LWFrameWorkTest */ = {
			isa = PBXGroup;
			children = (
				C997B0511D3F10EE00B3A043 /* AppDelegate.h */,
				C997B0521D3F10EE00B3A043 /* AppDelegate.m */,
				C997B0541D3F10EE00B3A043 /* ViewController.h */,
				C997B0551D3F10EE00B3A043 /* ViewController.m */,
				C997B0571D3F10EE00B3A043 /* Main.storyboard */,
				C997B05A1D3F10EE00B3A043 /* Assets.xcassets */,
				C997B05C1D3F10EE00B3A043 /* LaunchScreen.storyboard */,
				C997B05F1D3F10EE00B3A043 /* Info.plist */,
				C997B04E1D3F10EE00B3A043 /* Supporting Files */,
			);
			path = LWFrameWorkTest;
			sourceTree = "<group>";
		};
		C997B04E1D3F10EE00B3A043 /* Supporting Files */ = {
			isa = PBXGroup;
			children = (
				C997B04F1D3F10EE00B3A043 /* main.m */,
			);
			name = "Supporting Files";
			sourceTree = "<group>";
		};
		C997B0671D3F10EE00B3A043 /* LWFrameWorkTestTests */ = {
			isa = PBXGroup;
			children = (
				C997B0681D3F10EE00B3A043 /* LWFrameWorkTestTests.m */,
				C997B06A1D3F10EE00B3A043 /* Info.plist */,
			);
			path = LWFrameWorkTestTests;
			sourceTree = "<group>";
		};
		C997B0721D3F10EE00B3A043 /* LWFrameWorkTestUITests */ = {
			isa = PBXGroup;
			children = (
				C997B0731D3F10EE00B3A043 /* LWFrameWorkTestUITests.m */,
				C997B0751D3F10EE00B3A043 /* Info.plist */,
			);
			path = LWFrameWorkTestUITests;
			sourceTree = "<group>";
		};
/* End PBXGroup section */

/* Begin PBXNativeTarget section */
		C997B04A1D3F10EE00B3A043 /* LWFrameWorkTest */ = {
			isa = PBXNativeTarget;
			buildConfigurationList = C997B0781D3F10EE00B3A043 /* Build configuration list for PBXNativeTarget "LWFrameWorkTest" */;
			buildPhases = (
				C997B0471D3F10EE00B3A043 /* Sources */,
				C997B0481D3F10EE00B3A043 /* Frameworks */,
				C997B0491D3F10EE00B3A043 /* Resources */,
			);
			buildRules = (
			);
			dependencies = (
			);
			name = LWFrameWorkTest;
			productName = LWFrameWorkTest;
			productReference = C997B04B1D3F10EE00B3A043 /* LWFrameWorkTest.app */;
			productType = "com.apple.product-type.application";
		};
		C997B0631D3F10EE00B3A043 /* LWFrameWorkTestTests */ = {
			isa = PBXNativeTarget;
			buildConfigurationList = C997B07B1D3F10EE00B3A043 /* Build configuration list for PBXNativeTarget "LWFrameWorkTestTests" */;
			buildPhases = (
				C997B0601D3F10EE00B3A043 /* Sources */,
				C997B0611D3F10EE00B3A043 /* Frameworks */,
				C997B0621D3F10EE00B3A043 /* Resources */,
			);
			buildRules = (
			);
			dependencies = (
				C997B0661D3F10EE00B3A043 /* PBXTargetDependency */,
			);
			name = LWFrameWorkTestTests;
			productName = LWFrameWorkTestTests;
			productReference = C997B0641D3F10EE00B3A043 /* LWFrameWorkTestTests.xctest */;
			productType = "com.apple.product-type.bundle.unit-test";
		};
		C997B06E1D3F10EE00B3A043 /* LWFrameWorkTestUITests */ = {
			isa = PBXNativeTarget;
			buildConfigurationList = C997B07E1D3F10EE00B3A043 /* Build configuration list for PBXNativeTarget "LWFrameWorkTestUITests" */;
			buildPhases = (
				C997B06B1D3F10EE00B3A043 /* Sources */,
				C997B06C1D3F10EE00B3A043 /* Frameworks */,
				C997B06D1D3F10EE00B3A043 /* Resources */,
			);
			buildRules = (
			);
			dependencies = (
				C997B0711D3F10EE00B3A043 /* PBXTargetDependency */,
			);
			name = LWFrameWorkTestUITests;
			productName = LWFrameWorkTestUITests;
			productReference = C997B06F1D3F10EE00B3A043 /* LWFrameWorkTestUITests.xctest */;
			productType = "com.apple.product-type.bundle.ui-testing";
		};
/* End PBXNativeTarget section */

/* Begin PBXProject section */
		C997B0431D3F10EE00B3A043 /* Project object */ = {
			isa = PBXProject;
			attributes = {
				LastUpgradeCheck = 0720;
				ORGANIZATIONNAME = TFLH;
				TargetAttributes = {
					C997B04A1D3F10EE00B3A043 = {
						CreatedOnToolsVersion = 7.2;
					};
					C997B0631D3F10EE00B3A043 = {
						CreatedOnToolsVersion = 7.2;
						TestTargetID = C997B04A1D3F10EE00B3A043;
					};
					C997B06E1D3F10EE00B3A043 = {
						CreatedOnToolsVersion = 7.2;
						TestTargetID = C997B04A1D3F10EE00B3A043;
					};
				};
			};
			buildConfigurationList = C997B0461D3F10EE00B3A043 /* Build configuration list for PBXProject "LWFrameWorkTest" */;
			compatibilityVersion = "Xcode 3.2";
			developmentRegion = English;
			hasScannedForEncodings = 0;
			knownRegions = (
				en,
				Base,
			);
			mainGroup = C997B0421D3F10EE00B3A043;
			productRefGroup = C997B04C1D3F10EE00B3A043 /* Products */;
			projectDirPath = "";
			projectRoot = "";
			targets = (
				C997B04A1D3F10EE00B3A043 /* LWFrameWorkTest */,
				C997B0631D3F10EE00B3A043 /* LWFrameWorkTestTests */,
				C997B06E1D3F10EE00B3A043 /* LWFrameWorkTestUITests */,
			);
		};
/* End PBXProject section */

/* Begin PBXResourcesBuildPhase section */
		C997B0491D3F10EE00B3A043 /* Resources */ = {
			isa = PBXResourcesBuildPhase;
			buildActionMask = 2147483647;
			files = (
				C997B05E1D3F10EE00B3A043 /* LaunchScreen.storyboard in Resources */,
				C997B05B1D3F10EE00B3A043 /* Assets.xcassets in Resources */,
				C997B0591D3F10EE00B3A043 /* Main.storyboard in Resources */,
			);
			runOnlyForDeploymentPostprocessing = 0;
		};
		C997B0621D3F10EE00B3A043 /* Resources */ = {
			isa = PBXResourcesBuildPhase;
			buildActionMask = 2147483647;
			files = (
			);
			runOnlyForDeploymentPostprocessing = 0;
		};
		C997B06D1D3F10EE00B3A043 /* Resources */ = {
			isa = PBXResourcesBuildPhase;
			buildActionMask = 2147483647;
			files = (
			);
			runOnlyForDeploymentPostprocessing = 0;
		};
/* End PBXResourcesBuildPhase section */

/* Begin PBXSourcesBuildPhase section */
		C997B0471D3F10EE00B3A043 /* Sources */ = {
			isa = PBXSourcesBuildPhase;
			buildActionMask = 2147483647;
			files = (
				C997B0561D3F10EE00B3A043 /* ViewController.m in Sources */,
				C997B0531D3F10EE00B3A043 /* AppDelegate.m in Sources */,
				C997B0501D3F10EE00B3A043 /* main.m in Sources */,
			);
			runOnlyForDeploymentPostprocessing = 0;
		};
		C997B0601D3F10EE00B3A043 /* Sources */ = {
			isa = PBXSourcesBuildPhase;
			buildActionMask = 2147483647;
			files = (
				C997B0691D3F10EE00B3A043 /* LWFrameWorkTestTests.m in Sources */,
			);
			runOnlyForDeploymentPostprocessing = 0;
		};
		C997B06B1D3F10EE00B3A043 /* Sources */ = {
			isa = PBXSourcesBuildPhase;
			buildActionMask = 2147483647;
			files = (
				C997B0741D3F10EE00B3A043 /* LWFrameWorkTestUITests.m in Sources */,
			);
			runOnlyForDeploymentPostprocessing = 0;
		};
/* End PBXSourcesBuildPhase section */

/* Begin PBXTargetDependency section */
		C997B0661D3F10EE00B3A043 /* PBXTargetDependency */ = {
			isa = PBXTargetDependency;
			target = C997B04A1D3F10EE00B3A043 /* LWFrameWorkTest */;
			targetProxy = C997B0651D3F10EE00B3A043 /* PBXContainerItemProxy */;
		};
		C997B0711D3F10EE00B3A043 /* PBXTargetDependency */ = {
			isa = PBXTargetDependency;
			target = C997B04A1D3F10EE00B3A043 /* LWFrameWorkTest */;
			targetProxy = C997B0701D3F10EE00B3A043 /* PBXContainerItemProxy */;
		};
/* End PBXTargetDependency section */

/* Begin PBXVariantGroup section */
		C997B0571D3F10EE00B3A043 /* Main.storyboard */ = {
			isa = PBXVariantGroup;
			children = (
				C997B0581D3F10EE00B3A043 /* Base */,
			);
			name = Main.storyboard;
			sourceTree = "<group>";
		};
		C997B05C1D3F10EE00B3A043 /* LaunchScreen.storyboard */ = {
			isa = PBXVariantGroup;
			children = (
				C997B05D1D3F10EE00B3A043 /* Base */,
			);
			name = LaunchScreen.storyboard;
			sourceTree = "<group>";
		};
/* End PBXVariantGroup section */

/* Begin XCBuildConfiguration section */
		C997B0761D3F10EE00B3A043 /* Debug */ = {
			isa = XCBuildConfiguration;
			buildSettings = {
				ALWAYS_SEARCH_USER_PATHS = NO;
				CLANG_CXX_LANGUAGE_STANDARD = "gnu++0x";
				CLANG_CXX_LIBRARY = "libc++";
				CLANG_ENABLE_MODULES = YES;
				CLANG_ENABLE_OBJC_ARC = YES;
				CLANG_WARN_BOOL_CONVERSION = YES;
				CLANG_WARN_CONSTANT_CONVERSION = YES;
				CLANG_WARN_DIRECT_OBJC_ISA_USAGE = YES_ERROR;
				CLANG_WARN_EMPTY_BODY = YES;
				CLANG_WARN_ENUM_CONVERSION = YES;
				CLANG_WARN_INT_CONVERSION = YES;
				CLANG_WARN_OBJC_ROOT_CLASS = YES_ERROR;
				CLANG_WARN_UNREACHABLE_CODE = YES;
				CLANG_WARN__DUPLICATE_METHOD_MATCH = YES;
				"CODE_SIGN_IDENTITY[sdk=iphoneos*]" = "iPhone Developer";
				COPY_PHASE_STRIP = NO;
				DEBUG_INFORMATION_FORMAT = dwarf;
				ENABLE_STRICT_OBJC_MSGSEND = YES;
				ENABLE_TESTABILITY = YES;
				GCC_C_LANGUAGE_STANDARD = gnu99;
				GCC_DYNAMIC_NO_PIC = NO;
				GCC_NO_COMMON_BLOCKS = YES;
				GCC_OPTIMIZATION_LEVEL = 0;
				GCC_PREPROCESSOR_DEFINITIONS = (
					"DEBUG=1",
					"$(inherited)",
				);
				GCC_WARN_64_TO_32_BIT_CONVERSION = YES;
				GCC_WARN_ABOUT_RETURN_TYPE = YES_ERROR;
				GCC_WARN_UNDECLARED_SELECTOR = YES;
				GCC_WARN_UNINITIALIZED_AUTOS = YES_AGGRESSIVE;
				GCC_WARN_UNUSED_FUNCTION = YES;
				GCC_WARN_UNUSED_VARIABLE = YES;
				IPHONEOS_DEPLOYMENT_TARGET = 9.2;
				MTL_ENABLE_DEBUG_INFO = YES;
				ONLY_ACTIVE_ARCH = YES;
				SDKROOT = iphoneos;
			};
			name = Debug;
		};
		C997B0771D3F10EE00B3A043 /* Release */ = {
			isa = XCBuildConfiguration;
			buildSettings = {
				ALWAYS_SEARCH_USER_PATHS = NO;
				CLANG_CXX_LANGUAGE_STANDARD = "gnu++0x";
				CLANG_CXX_LIBRARY = "libc++";
				CLANG_ENABLE_MODULES = YES;
				CLANG_ENABLE_OBJC_ARC = YES;
				CLANG_WARN_BOOL_CONVERSION = YES;
				CLANG_WARN_CONSTANT_CONVERSION = YES;
				CLANG_WARN_DIRECT_OBJC_ISA_USAGE = YES_ERROR;
				CLANG_WARN_EMPTY_BODY = YES;
				CLANG_WARN_ENUM_CONVERSION = YES;
				CLANG_WARN_INT_CONVERSION = YES;
				CLANG_WARN_OBJC_ROOT_CLASS = YES_ERROR;
				CLANG_WARN_UNREACHABLE_CODE = YES;
				CLANG_WARN__DUPLICATE_METHOD_MATCH = YES;
				"CODE_SIGN_IDENTITY[sdk=iphoneos*]" = "iPhone Developer";
				COPY_PHASE_STRIP = NO;
				DEBUG_INFORMATION_FORMAT = "dwarf-with-dsym";
				ENABLE_NS_ASSERTIONS = NO;
				ENABLE_STRICT_OBJC_MSGSEND = YES;
				GCC_C_LANGUAGE_STANDARD = gnu99;
				GCC_NO_COMMON_BLOCKS = YES;
				GCC_WARN_64_TO_32_BIT_CONVERSION = YES;
				GCC_WARN_ABOUT_RETURN_TYPE = YES_ERROR;
				GCC_WARN_UNDECLARED_SELECTOR = YES;
				GCC_WARN_UNINITIALIZED_AUTOS = YES_AGGRESSIVE;
				GCC_WARN_UNUSED_FUNCTION = YES;
				GCC_WARN_UNUSED_VARIABLE = YES;
				IPHONEOS_DEPLOYMENT_TARGET = 9.2;
				MTL_ENABLE_DEBUG_INFO = NO;
				SDKROOT = iphoneos;
				VALIDATE_PRODUCT = YES;
			};
			name = Release;
		};
		C997B0791D3F10EE00B3A043 /* Debug */ = {
			isa = XCBuildConfiguration;
			buildSettings = {
				ASSETCATALOG_COMPILER_APPICON_NAME = AppIcon;
				INFOPLIST_FILE = LWFrameWorkTest/Info.plist;
				LD_RUNPATH_SEARCH_PATHS = "$(inherited) @executable_path/Frameworks";
				PRODUCT_BUNDLE_IDENTIFIER = TFLH.LWFrameWorkTest;
				PRODUCT_NAME = "$(TARGET_NAME)";
			};
			name = Debug;
		};
		C997B07A1D3F10EE00B3A043 /* Release */ = {
			isa = XCBuildConfiguration;
			buildSettings = {
				ASSETCATALOG_COMPILER_APPICON_NAME = AppIcon;
				INFOPLIST_FILE = LWFrameWorkTest/Info.plist;
				LD_RUNPATH_SEARCH_PATHS = "$(inherited) @executable_path/Frameworks";
				PRODUCT_BUNDLE_IDENTIFIER = TFLH.LWFrameWorkTest;
				PRODUCT_NAME = "$(TARGET_NAME)";
			};
			name = Release;
		};
		C997B07C1D3F10EE00B3A043 /* Debug */ = {
			isa = XCBuildConfiguration;
			buildSettings = {
				BUNDLE_LOADER = "$(TEST_HOST)";
				INFOPLIST_FILE = LWFrameWorkTestTests/Info.plist;
				LD_RUNPATH_SEARCH_PATHS = "$(inherited) @executable_path/Frameworks @loader_path/Frameworks";
				PRODUCT_BUNDLE_IDENTIFIER = TFLH.LWFrameWorkTestTests;
				PRODUCT_NAME = "$(TARGET_NAME)";
				TEST_HOST = "$(BUILT_PRODUCTS_DIR)/LWFrameWorkTest.app/LWFrameWorkTest";
			};
			name = Debug;
		};
		C997B07D1D3F10EE00B3A043 /* Release */ = {
			isa = XCBuildConfiguration;
			buildSettings = {
				BUNDLE_LOADER = "$(TEST_HOST)";
				INFOPLIST_FILE = LWFrameWorkTestTests/Info.plist;
				LD_RUNPATH_SEARCH_PATHS = "$(inherited) @executable_path/Frameworks @loader_path/Frameworks";
				PRODUCT_BUNDLE_IDENTIFIER = TFLH.LWFrameWorkTestTests;
				PRODUCT_NAME = "$(TARGET_NAME)";
				TEST_HOST = "$(BUILT_PRODUCTS_DIR)/LWFrameWorkTest.app/LWFrameWorkTest";
			};
			name = Release;
		};
		C997B07F1D3F10EE00B3A043 /* Debug */ = {
			isa = XCBuildConfiguration;
			buildSettings = {
				INFOPLIST_FILE = LWFrameWorkTestUITests/Info.plist;
				LD_RUNPATH_SEARCH_PATHS = "$(inherited) @executable_path/Frameworks @loader_path/Frameworks";
				PRODUCT_BUNDLE_IDENTIFIER = TFLH.LWFrameWorkTestUITests;
				PRODUCT_NAME = "$(TARGET_NAME)";
				TEST_TARGET_NAME = LWFrameWorkTest;
				USES_XCTRUNNER = YES;
			};
			name = Debug;
		};
		C997B0801D3F10EE00B3A043 /* Release */ = {
			isa = XCBuildConfiguration;
			buildSettings = {
				INFOPLIST_FILE = LWFrameWorkTestUITests/Info.plist;
				LD_RUNPATH_SEARCH_PATHS = "$(inherited) @executable_path/Frameworks @loader_path/Frameworks";
				PRODUCT_BUNDLE_IDENTIFIER = TFLH.LWFrameWorkTestUITests;
				PRODUCT_NAME = "$(TARGET_NAME)";
				TEST_TARGET_NAME = LWFrameWorkTest;
				USES_XCTRUNNER = YES;
			};
			name = Release;
		};
/* End XCBuildConfiguration section */

/* Begin XCConfigurationList section */
		C997B0461D3F10EE00B3A043 /* Build configuration list for PBXProject "LWFrameWorkTest" */ = {
			isa = XCConfigurationList;
			buildConfigurations = (
				C997B0761D3F10EE00B3A043 /* Debug */,
				C997B0771D3F10EE00B3A043 /* Release */,
			);
			defaultConfigurationIsVisible = 0;
			defaultConfigurationName = Release;
		};
		C997B0781D3F10EE00B3A043 /* Build configuration list for PBXNativeTarget "LWFrameWorkTest" */ = {
			isa = XCConfigurationList;
			buildConfigurations = (
				C997B0791D3F10EE00B3A043 /* Debug */,
				C997B07A1D3F10EE00B3A043 /* Release */,
			);
			defaultConfigurationIsVisible = 0;
		};
		C997B07B1D3F10EE00B3A043 /* Build configuration list for PBXNativeTarget "LWFrameWorkTestTests" */ = {
			isa = XCConfigurationList;
			buildConfigurations = (
				C997B07C1D3F10EE00B3A043 /* Debug */,
				C997B07D1D3F10EE00B3A043 /* Release */,
			);
			defaultConfigurationIsVisible = 0;
		};
		C997B07E1D3F10EE00B3A043 /* Build configuration list for PBXNativeTarget "LWFrameWorkTestUITests" */ = {
			isa = XCConfigurationList;
			buildConfigurations = (
				C997B07F1D3F10EE00B3A043 /* Debug */,
				C997B0801D3F10EE00B3A043 /* Release */,
			);
			defaultConfigurationIsVisible = 0;
		};
/* End XCConfigurationList section */
	};
	rootObject = C997B0431D3F10EE00B3A043 /* Project object */;
}
